
Microsoft Visual Studio Solution File, Format Version 12.00
# Visual Studio Version 16
VisualStudioVersion = 16.0.30611.23
MinimumVisualStudioVersion = 10.0.40219.1
Project("{FAE04EC0-301F-11D3-BF4B-00C04F79EFBC}") = "nasledowanie", "nasledowanie\nasledowanie.csproj", "{662C6F97-E27C-4E74-8806-AB680A6771D0}"
EndProject
Global
	GlobalSection(SolutionConfigurationPlatforms) = preSolution
		Debug|Any CPU = Debug|Any CPU
		Release|Any CPU = Release|Any CPU
	EndGlobalSection
	GlobalSection(ProjectConfigurationPlatforms) = postSolution
		{662C6F97-E27C-4E74-8806-AB680A6771D0}.Debug|Any CPU.ActiveCfg = Debug|Any CPU
		{662C6F97-E27C-4E74-8806-AB680A6771D0}.Debug|Any CPU.Build.0 = Debug|Any CPU
		{662C6F97-E27C-4E74-8806-AB680A6771D0}.Release|Any CPU.ActiveCfg = Release|Any CPU
		{662C6F97-E27C-4E74-8806-AB680A6771D0}.Release|Any CPU.Build.0 = Release|Any CPU
	EndGlobalSection
	GlobalSection(SolutionProperties) = preSolution
		HideSolutionNode = FALSE
	EndGlobalSection
	GlobalSection(ExtensibilityGlobals) = postSolution
		SolutionGuid = {505E8E47-5A95-4B3D-96BD-CC13CBF61EED}
	EndGlobalSection
EndGlobal
